
Microsoft Visual Studio Solution File, Format Version 12.00
# Visual Studio Version 17
VisualStudioVersion = 17.11.35327.3
MinimumVisualStudioVersion = 10.0.40219.1
Project("{D2ABAB84-BF74-430A-B69E-9DC6D40DDA17}") = "CuboOlap", "CuboOlap\CuboOlap.dwproj", "{93E03FC4-0029-4F9A-A93B-3DBA17320675}"
EndProject
Global
	GlobalSection(SolutionConfigurationPlatforms) = preSolution
		Development|Default = Development|Default
	EndGlobalSection
	GlobalSection(ProjectConfigurationPlatforms) = postSolution
		{93E03FC4-0029-4F9A-A93B-3DBA17320675}.Development|Default.ActiveCfg = Development
		{93E03FC4-0029-4F9A-A93B-3DBA17320675}.Development|Default.Build.0 = Development
		{93E03FC4-0029-4F9A-A93B-3DBA17320675}.Development|Default.Deploy.0 = Development
	EndGlobalSection
	GlobalSection(SolutionProperties) = preSolution
		HideSolutionNode = FALSE
	EndGlobalSection
	GlobalSection(ExtensibilityGlobals) = postSolution
		SolutionGuid = {F98D1628-44EE-43D1-A4C6-50D58D4EB10F}
	EndGlobalSection
EndGlobal
